
Microsoft Visual Studio Solution File, Format Version 12.00
# Visual Studio Version 17
VisualStudioVersion = 17.0.31612.314
MinimumVisualStudioVersion = 10.0.40219.1
Project("{2150E333-8FDC-42A3-9474-1A3956D46DE8}") = "GraphQLServer", "GraphQLServer", "{7F7FF243-2000-47E2-857B-7B7D89407B13}"
EndProject
Project("{2150E333-8FDC-42A3-9474-1A3956D46DE8}") = "Core", "Core", "{861B7F9F-8F4A-4092-902E-37DA705E69F6}"
EndProject
Project("{2150E333-8FDC-42A3-9474-1A3956D46DE8}") = "Business", "Business", "{C15F19AD-523F-4C48-A9E1-FE70CDAA7C72}"
EndProject
Project("{2150E333-8FDC-42A3-9474-1A3956D46DE8}") = "Data", "Data", "{9CDA1753-9162-47B1-82CD-1BE751D4254E}"
EndProject
Project("{9A19103F-16F7-4668-BE54-9A1E7A4F7556}") = "POSM.Core.Business.Operations", "POSM.Core.Business.Operations\POSM.Core.Business.Operations.csproj", "{5AFFDE4E-319A-4C83-A303-3ACAFFA1CDB4}"
EndProject
Project("{9A19103F-16F7-4668-BE54-9A1E7A4F7556}") = "POSM.Core.Data.Db", "POSM.Core.Data.Db\POSM.Core.Data.Db.csproj", "{CEA67978-91EB-40B1-ABEF-A5E9F23407E7}"
EndProject
Project("{9A19103F-16F7-4668-BE54-9A1E7A4F7556}") = "POSM.Core.Bussines.Model", "POSM.Core.Bussines.Model\POSM.Core.Bussines.Model.csproj", "{8129CC99-469F-459F-89DD-1F56F7A24357}"
EndProject
Project("{2150E333-8FDC-42A3-9474-1A3956D46DE8}") = "Fx", "Fx", "{5312164E-4139-47EF-9456-AEB2710FB25C}"
EndProject
Project("{9A19103F-16F7-4668-BE54-9A1E7A4F7556}") = "POSM.Fx.Utilities", "POSM.Fx.Utilities\POSM.Fx.Utilities.csproj", "{5DB73112-B71E-47DA-AF43-454FAF4EF23E}"
EndProject
Project("{9A19103F-16F7-4668-BE54-9A1E7A4F7556}") = "POSM.APIs.GraphQLServer", "POSM.Server\POSM.APIs.GraphQLServer.csproj", "{69D9FD1A-92A0-44C7-B053-375926D554AB}"
EndProject
Project("{9A19103F-16F7-4668-BE54-9A1E7A4F7556}") = "POSM.FX.Security", "POSM.FX.Security\POSM.FX.Security.csproj", "{217373AC-5F05-4DBF-9EC2-28FC913DAA4B}"
EndProject
Project("{9A19103F-16F7-4668-BE54-9A1E7A4F7556}") = "POSM.FX.Diagnostics", "POSM.FX.Diagnostics\POSM.FX.Diagnostics.csproj", "{4995B5F3-7929-41EC-8A05-69D7D3CC8FAA}"
EndProject
Project("{FAE04EC0-301F-11D3-BF4B-00C04F79EFBC}") = "POSM.Fx.Cryptography", "POSM.Fx.Cryptography\POSM.Fx.Cryptography.csproj", "{F16F11B4-1C9A-41AC-A1DB-3C0557C66F52}"
EndProject
Global
	GlobalSection(SolutionConfigurationPlatforms) = preSolution
		Debug|Any CPU = Debug|Any CPU
		Release|Any CPU = Release|Any CPU
	EndGlobalSection
	GlobalSection(ProjectConfigurationPlatforms) = postSolution
		{5AFFDE4E-319A-4C83-A303-3ACAFFA1CDB4}.Debug|Any CPU.ActiveCfg = Debug|Any CPU
		{5AFFDE4E-319A-4C83-A303-3ACAFFA1CDB4}.Debug|Any CPU.Build.0 = Debug|Any CPU
		{5AFFDE4E-319A-4C83-A303-3ACAFFA1CDB4}.Release|Any CPU.ActiveCfg = Release|Any CPU
		{5AFFDE4E-319A-4C83-A303-3ACAFFA1CDB4}.Release|Any CPU.Build.0 = Release|Any CPU
		{CEA67978-91EB-40B1-ABEF-A5E9F23407E7}.Debug|Any CPU.ActiveCfg = Debug|Any CPU
		{CEA67978-91EB-40B1-ABEF-A5E9F23407E7}.Debug|Any CPU.Build.0 = Debug|Any CPU
		{CEA67978-91EB-40B1-ABEF-A5E9F23407E7}.Release|Any CPU.ActiveCfg = Release|Any CPU
		{CEA67978-91EB-40B1-ABEF-A5E9F23407E7}.Release|Any CPU.Build.0 = Release|Any CPU
		{8129CC99-469F-459F-89DD-1F56F7A24357}.Debug|Any CPU.ActiveCfg = Debug|Any CPU
		{8129CC99-469F-459F-89DD-1F56F7A24357}.Debug|Any CPU.Build.0 = Debug|Any CPU
		{8129CC99-469F-459F-89DD-1F56F7A24357}.Release|Any CPU.ActiveCfg = Release|Any CPU
		{8129CC99-469F-459F-89DD-1F56F7A24357}.Release|Any CPU.Build.0 = Release|Any CPU
		{5DB73112-B71E-47DA-AF43-454FAF4EF23E}.Debug|Any CPU.ActiveCfg = Debug|Any CPU
		{5DB73112-B71E-47DA-AF43-454FAF4EF23E}.Debug|Any CPU.Build.0 = Debug|Any CPU
		{5DB73112-B71E-47DA-AF43-454FAF4EF23E}.Release|Any CPU.ActiveCfg = Release|Any CPU
		{5DB73112-B71E-47DA-AF43-454FAF4EF23E}.Release|Any CPU.Build.0 = Release|Any CPU
		{69D9FD1A-92A0-44C7-B053-375926D554AB}.Debug|Any CPU.ActiveCfg = Debug|Any CPU
		{69D9FD1A-92A0-44C7-B053-375926D554AB}.Debug|Any CPU.Build.0 = Debug|Any CPU
		{69D9FD1A-92A0-44C7-B053-375926D554AB}.Release|Any CPU.ActiveCfg = Release|Any CPU
		{69D9FD1A-92A0-44C7-B053-375926D554AB}.Release|Any CPU.Build.0 = Release|Any CPU
		{217373AC-5F05-4DBF-9EC2-28FC913DAA4B}.Debug|Any CPU.ActiveCfg = Debug|Any CPU
		{217373AC-5F05-4DBF-9EC2-28FC913DAA4B}.Debug|Any CPU.Build.0 = Debug|Any CPU
		{217373AC-5F05-4DBF-9EC2-28FC913DAA4B}.Release|Any CPU.ActiveCfg = Release|Any CPU
		{217373AC-5F05-4DBF-9EC2-28FC913DAA4B}.Release|Any CPU.Build.0 = Release|Any CPU
		{4995B5F3-7929-41EC-8A05-69D7D3CC8FAA}.Debug|Any CPU.ActiveCfg = Debug|Any CPU
		{4995B5F3-7929-41EC-8A05-69D7D3CC8FAA}.Debug|Any CPU.Build.0 = Debug|Any CPU
		{4995B5F3-7929-41EC-8A05-69D7D3CC8FAA}.Release|Any CPU.ActiveCfg = Release|Any CPU
		{4995B5F3-7929-41EC-8A05-69D7D3CC8FAA}.Release|Any CPU.Build.0 = Release|Any CPU
		{F16F11B4-1C9A-41AC-A1DB-3C0557C66F52}.Debug|Any CPU.ActiveCfg = Debug|Any CPU
		{F16F11B4-1C9A-41AC-A1DB-3C0557C66F52}.Debug|Any CPU.Build.0 = Debug|Any CPU
		{F16F11B4-1C9A-41AC-A1DB-3C0557C66F52}.Release|Any CPU.ActiveCfg = Release|Any CPU
		{F16F11B4-1C9A-41AC-A1DB-3C0557C66F52}.Release|Any CPU.Build.0 = Release|Any CPU
	EndGlobalSection
	GlobalSection(SolutionProperties) = preSolution
		HideSolutionNode = FALSE
	EndGlobalSection
	GlobalSection(NestedProjects) = preSolution
		{C15F19AD-523F-4C48-A9E1-FE70CDAA7C72} = {861B7F9F-8F4A-4092-902E-37DA705E69F6}
		{9CDA1753-9162-47B1-82CD-1BE751D4254E} = {861B7F9F-8F4A-4092-902E-37DA705E69F6}
		{5AFFDE4E-319A-4C83-A303-3ACAFFA1CDB4} = {C15F19AD-523F-4C48-A9E1-FE70CDAA7C72}
		{CEA67978-91EB-40B1-ABEF-A5E9F23407E7} = {9CDA1753-9162-47B1-82CD-1BE751D4254E}
		{8129CC99-469F-459F-89DD-1F56F7A24357} = {C15F19AD-523F-4C48-A9E1-FE70CDAA7C72}
		{5DB73112-B71E-47DA-AF43-454FAF4EF23E} = {5312164E-4139-47EF-9456-AEB2710FB25C}
		{69D9FD1A-92A0-44C7-B053-375926D554AB} = {7F7FF243-2000-47E2-857B-7B7D89407B13}
		{217373AC-5F05-4DBF-9EC2-28FC913DAA4B} = {5312164E-4139-47EF-9456-AEB2710FB25C}
		{4995B5F3-7929-41EC-8A05-69D7D3CC8FAA} = {5312164E-4139-47EF-9456-AEB2710FB25C}
		{F16F11B4-1C9A-41AC-A1DB-3C0557C66F52} = {5312164E-4139-47EF-9456-AEB2710FB25C}
	EndGlobalSection
	GlobalSection(ExtensibilityGlobals) = postSolution
		SolutionGuid = {C657B7A1-7F98-4AB1-B1EB-80D630DB1277}
	EndGlobalSection
EndGlobal
